// !$*UTF8*$!
{
	archiveVersion = 1;
	classes = {
	};
	objectVersion = 56;
	objects = {

/* Begin PBXBuildFile section */
		9D578F5E2AA88B3F00DC3291 /* YoutubePlayerApp.swift in Sources */ = {isa = PBXBuildFile; fileRef = 9D578F5D2AA88B3F00DC3291 /* YoutubePlayerApp.swift */; };
		9D578F602AA88B3F00DC3291 /* ContentView.swift in Sources */ = {isa = PBXBuildFile; fileRef = 9D578F5F2AA88B3F00DC3291 /* ContentView.swift */; };
		9D578F622AA88B4600DC3291 /* Assets.xcassets in Resources */ = {isa = PBXBuildFile; fileRef = 9D578F612AA88B4600DC3291 /* Assets.xcassets */; };
		9D578F652AA88B4600DC3291 /* Preview Assets.xcassets in Resources */ = {isa = PBXBuildFile; fileRef = 9D578F642AA88B4600DC3291 /* Preview Assets.xcassets */; };
		9D578F6F2AA88EB200DC3291 /* YoutubePlayer-in-WKWebView in Frameworks */ = {isa = PBXBuildFile; productRef = 9D578F6E2AA88EB200DC3291 /* YoutubePlayer-in-WKWebView */; };
		9D578F712AA894E400DC3291 /* YoutubePlayerView.swift in Sources */ = {isa = PBXBuildFile; fileRef = 9D578F702AA894E400DC3291 /* YoutubePlayerView.swift */; };
/* End PBXBuildFile section */

/* Begin PBXFileReference section */
		9D578F5A2AA88B3F00DC3291 /* YoutubePlayer.app */ = {isa = PBXFileReference; explicitFileType = wrapper.application; includeInIndex = 0; path = YoutubePlayer.app; sourceTree = BUILT_PRODUCTS_DIR; };
		9D578F5D2AA88B3F00DC3291 /* YoutubePlayerApp.swift */ = {isa = PBXFileReference; lastKnownFileType = sourcecode.swift; path = YoutubePlayerApp.swift; sourceTree = "<group>"; };
		9D578F5F2AA88B3F00DC3291 /* ContentView.swift */ = {isa = PBXFileReference; lastKnownFileType = sourcecode.swift; path = ContentView.swift; sourceTree = "<group>"; };
		9D578F612AA88B4600DC3291 /* Assets.xcassets */ = {isa = PBXFileReference; lastKnownFileType = folder.assetcatalog; path = Assets.xcassets; sourceTree = "<group>"; };
		9D578F642AA88B4600DC3291 /* Preview Assets.xcassets */ = {isa = PBXFileReference; lastKnownFileType = folder.assetcatalog; path = "Preview Assets.xcassets"; sourceTree = "<group>"; };
		9D578F702AA894E400DC3291 /* YoutubePlayerView.swift */ = {isa = PBXFileReference; lastKnownFileType = sourcecode.swift; path = YoutubePlayerView.swift; sourceTree = "<group>"; };
/* End PBXFileReference section */

/* Begin PBXFrameworksBuildPhase section */
		9D578F572AA88B3F00DC3291 /* Frameworks */ = {
			isa = PBXFrameworksBuildPhase;
			buildActionMask = 2147483647;
			files = (
				9D578F6F2AA88EB200DC3291 /* YoutubePlayer-in-WKWebView in Frameworks */,
			);
			runOnlyForDeploymentPostprocessing = 0;
		};
/* End PBXFrameworksBuildPhase section */

/* Begin PBXGroup section */
		9D578F512AA88B3E00DC3291 = {
			isa = PBXGroup;
			children = (
				9D578F5C2AA88B3F00DC3291 /* YoutubePlayer */,
				9D578F5B2AA88B3F00DC3291 /* Products */,
			);
			sourceTree = "<group>";
		};
		9D578F5B2AA88B3F00DC3291 /* Products */ = {
			isa = PBXGroup;
			children = (
				9D578F5A2AA88B3F00DC3291 /* YoutubePlayer.app */,
			);
			name = Products;
			sourceTree = "<group>";
		};
		9D578F5C2AA88B3F00DC3291 /* YoutubePlayer */ = {
			isa = PBXGroup;
			children = (
				9D578F5D2AA88B3F00DC3291 /* YoutubePlayerApp.swift */,
				9D578F5F2AA88B3F00DC3291 /* ContentView.swift */,
				9D578F702AA894E400DC3291 /* YoutubePlayerView.swift */,
				9D578F612AA88B4600DC3291 /* Assets.xcassets */,
				9D578F632AA88B4600DC3291 /* Preview Content */,
			);
			path = YoutubePlayer;
			sourceTree = "<group>";
		};
		9D578F632AA88B4600DC3291 /* Preview Content */ = {
			isa = PBXGroup;
			children = (
				9D578F642AA88B4600DC3291 /* Preview Assets.xcassets */,
			);
			path = "Preview Content";
			sourceTree = "<group>";
		};
/* End PBXGroup section */

/* Begin PBXNativeTarget section */
		9D578F592AA88B3F00DC3291 /* YoutubePlayer */ = {
			isa = PBXNativeTarget;
			buildConfigurationList = 9D578F682AA88B4600DC3291 /* Build configuration list for PBXNativeTarget "YoutubePlayer" */;
			buildPhases = (
				9D578F562AA88B3F00DC3291 /* Sources */,
				9D578F572AA88B3F00DC3291 /* Frameworks */,
				9D578F582AA88B3F00DC3291 /* Resources */,
			);
			buildRules = (
			);
			dependencies = (
			);
			name = YoutubePlayer;
			packageProductDependencies = (
				9D578F6E2AA88EB200DC3291 /* YoutubePlayer-in-WKWebView */,
			);
			productName = YoutubePlayerTest;
			productReference = 9D578F5A2AA88B3F00DC3291 /* YoutubePlayer.app */;
			productType = "com.apple.product-type.application";
		};
/* End PBXNativeTarget section */

/* Begin PBXProject section */
		9D578F522AA88B3E00DC3291 /* Project object */ = {
			isa = PBXProject;
			attributes = {
				BuildIndependentTargetsInParallel = 1;
				LastSwiftUpdateCheck = 1430;
				LastUpgradeCheck = 1430;
				TargetAttributes = {
					9D578F592AA88B3F00DC3291 = {
						CreatedOnToolsVersion = 14.3.1;
					};
				};
			};
			buildConfigurationList = 9D578F552AA88B3E00DC3291 /* Build configuration list for PBXProject "YoutubePlayer" */;
			compatibilityVersion = "Xcode 14.0";
			developmentRegion = en;
			hasScannedForEncodings = 0;
			knownRegions = (
				en,
				Base,
			);
			mainGroup = 9D578F512AA88B3E00DC3291;
			packageReferences = (
				9D578F6D2AA88EB200DC3291 /* XCRemoteSwiftPackageReference "YoutubePlayer-in-WKWebView" */,
			);
			productRefGroup = 9D578F5B2AA88B3F00DC3291 /* Products */;
			projectDirPath = "";
			projectRoot = "";
			targets = (
				9D578F592AA88B3F00DC3291 /* YoutubePlayer */,
			);
		};
/* End PBXProject section */

/* Begin PBXResourcesBuildPhase section */
		9D578F582AA88B3F00DC3291 /* Resources */ = {
			isa = PBXResourcesBuildPhase;
			buildActionMask = 2147483647;
			files = (
				9D578F652AA88B4600DC3291 /* Preview Assets.xcassets in Resources */,
				9D578F622AA88B4600DC3291 /* Assets.xcassets in Resources */,
			);
			runOnlyForDeploymentPostprocessing = 0;
		};
/* End PBXResourcesBuildPhase section */

/* Begin PBXSourcesBuildPhase section */
		9D578F562AA88B3F00DC3291 /* Sources */ = {
			isa = PBXSourcesBuildPhase;
			buildActionMask = 2147483647;
			files = (
				9D578F602AA88B3F00DC3291 /* ContentView.swift in Sources */,
				9D578F5E2AA88B3F00DC3291 /* YoutubePlayerApp.swift in Sources */,
				9D578F712AA894E400DC3291 /* YoutubePlayerView.swift in Sources */,
			);
			runOnlyForDeploymentPostprocessing = 0;
		};
/* End PBXSourcesBuildPhase section */

/* Begin XCBuildConfiguration section */
		9D578F662AA88B4600DC3291 /* Debug */ = {
			isa = XCBuildConfiguration;
			buildSettings = {
				ALWAYS_SEARCH_USER_PATHS = NO;
				CLANG_ANALYZER_NONNULL = YES;
				CLANG_ANALYZER_NUMBER_OBJECT_CONVERSION = YES_AGGRESSIVE;
				CLANG_CXX_LANGUAGE_STANDARD = "gnu++20";
				CLANG_ENABLE_MODULES = YES;
				CLANG_ENABLE_OBJC_ARC = YES;
				CLANG_ENABLE_OBJC_WEAK = YES;
				CLANG_WARN_BLOCK_CAPTURE_AUTORELEASING = YES;
				CLANG_WARN_BOOL_CONVERSION = YES;
				CLANG_WARN_COMMA = YES;
				CLANG_WARN_CONSTANT_CONVERSION = YES;
				CLANG_WARN_DEPRECATED_OBJC_IMPLEMENTATIONS = YES;
				CLANG_WARN_DIRECT_OBJC_ISA_USAGE = YES_ERROR;
				CLANG_WARN_DOCUMENTATION_COMMENTS = YES;
				CLANG_WARN_EMPTY_BODY = YES;
				CLANG_WARN_ENUM_CONVERSION = YES;
				CLANG_WARN_INFINITE_RECURSION = YES;
				CLANG_WARN_INT_CONVERSION = YES;
				CLANG_WARN_NON_LITERAL_NULL_CONVERSION = YES;
				CLANG_WARN_OBJC_IMPLICIT_RETAIN_SELF = YES;
				CLANG_WARN_OBJC_LITERAL_CONVERSION = YES;
				CLANG_WARN_OBJC_ROOT_CLASS = YES_ERROR;
				CLANG_WARN_QUOTED_INCLUDE_IN_FRAMEWORK_HEADER = YES;
				CLANG_WARN_RANGE_LOOP_ANALYSIS = YES;
				CLANG_WARN_STRICT_PROTOTYPES = YES;
				CLANG_WARN_SUSPICIOUS_MOVE = YES;
				CLANG_WARN_UNGUARDED_AVAILABILITY = YES_AGGRESSIVE;
				CLANG_WARN_UNREACHABLE_CODE = YES;
				CLANG_WARN__DUPLICATE_METHOD_MATCH = YES;
				COPY_PHASE_STRIP = NO;
				DEBUG_INFORMATION_FORMAT = dwarf;
				ENABLE_STRICT_OBJC_MSGSEND = YES;
				ENABLE_TESTABILITY = YES;
				GCC_C_LANGUAGE_STANDARD = gnu11;
				GCC_DYNAMIC_NO_PIC = NO;
				GCC_NO_COMMON_BLOCKS = YES;
				GCC_OPTIMIZATION_LEVEL = 0;
				GCC_PREPROCESSOR_DEFINITIONS = (
					"DEBUG=1",
					"$(inherited)",
				);
				GCC_WARN_64_TO_32_BIT_CONVERSION = YES;
				GCC_WARN_ABOUT_RETURN_TYPE = YES_ERROR;
				GCC_WARN_UNDECLARED_SELECTOR = YES;
				GCC_WARN_UNINITIALIZED_AUTOS = YES_AGGRESSIVE;
				GCC_WARN_UNUSED_FUNCTION = YES;
				GCC_WARN_UNUSED_VARIABLE = YES;
				IPHONEOS_DEPLOYMENT_TARGET = 16.4;
				MTL_ENABLE_DEBUG_INFO = INCLUDE_SOURCE;
				MTL_FAST_MATH = YES;
				ONLY_ACTIVE_ARCH = YES;
				SDKROOT = iphoneos;
				SWIFT_ACTIVE_COMPILATION_CONDITIONS = DEBUG;
				SWIFT_OPTIMIZATION_LEVEL = "-Onone";
			};
			name = Debug;
		};
		9D578F672AA88B4600DC3291 /* Release */ = {
			isa = XCBuildConfiguration;
			buildSettings = {
				ALWAYS_SEARCH_USER_PATHS = NO;
				CLANG_ANALYZER_NONNULL = YES;
				CLANG_ANALYZER_NUMBER_OBJECT_CONVERSION = YES_AGGRESSIVE;
				CLANG_CXX_LANGUAGE_STANDARD = "gnu++20";
				CLANG_ENABLE_MODULES = YES;
				CLANG_ENABLE_OBJC_ARC = YES;
				CLANG_ENABLE_OBJC_WEAK = YES;
				CLANG_WARN_BLOCK_CAPTURE_AUTORELEASING = YES;
				CLANG_WARN_BOOL_CONVERSION = YES;
				CLANG_WARN_COMMA = YES;
				CLANG_WARN_CONSTANT_CONVERSION = YES;
				CLANG_WARN_DEPRECATED_OBJC_IMPLEMENTATIONS = YES;
				CLANG_WARN_DIRECT_OBJC_ISA_USAGE = YES_ERROR;
				CLANG_WARN_DOCUMENTATION_COMMENTS = YES;
				CLANG_WARN_EMPTY_BODY = YES;
				CLANG_WARN_ENUM_CONVERSION = YES;
				CLANG_WARN_INFINITE_RECURSION = YES;
				CLANG_WARN_INT_CONVERSION = YES;
				CLANG_WARN_NON_LITERAL_NULL_CONVERSION = YES;
				CLANG_WARN_OBJC_IMPLICIT_RETAIN_SELF = YES;
				CLANG_WARN_OBJC_LITERAL_CONVERSION = YES;
				CLANG_WARN_OBJC_ROOT_CLASS = YES_ERROR;
				CLANG_WARN_QUOTED_INCLUDE_IN_FRAMEWORK_HEADER = YES;
				CLANG_WARN_RANGE_LOOP_ANALYSIS = YES;
				CLANG_WARN_STRICT_PROTOTYPES = YES;
				CLANG_WARN_SUSPICIOUS_MOVE = YES;
				CLANG_WARN_UNGUARDED_AVAILABILITY = YES_AGGRESSIVE;
				CLANG_WARN_UNREACHABLE_CODE = YES;
				CLANG_WARN__DUPLICATE_METHOD_MATCH = YES;
				COPY_PHASE_STRIP = NO;
				DEBUG_INFORMATION_FORMAT = "dwarf-with-dsym";
				ENABLE_NS_ASSERTIONS = NO;
				ENABLE_STRICT_OBJC_MSGSEND = YES;
				GCC_C_LANGUAGE_STANDARD = gnu11;
				GCC_NO_COMMON_BLOCKS = YES;
				GCC_WARN_64_TO_32_BIT_CONVERSION = YES;
				GCC_WARN_ABOUT_RETURN_TYPE = YES_ERROR;
				GCC_WARN_UNDECLARED_SELECTOR = YES;
				GCC_WARN_UNINITIALIZED_AUTOS = YES_AGGRESSIVE;
				GCC_WARN_UNUSED_FUNCTION = YES;
				GCC_WARN_UNUSED_VARIABLE = YES;
				IPHONEOS_DEPLOYMENT_TARGET = 16.4;
				MTL_ENABLE_DEBUG_INFO = NO;
				MTL_FAST_MATH = YES;
				SDKROOT = iphoneos;
				SWIFT_COMPILATION_MODE = wholemodule;
				SWIFT_OPTIMIZATION_LEVEL = "-O";
				VALIDATE_PRODUCT = YES;
			};
			name = Release;
		};
		9D578F692AA88B4600DC3291 /* Debug */ = {
			isa = XCBuildConfiguration;
			buildSettings = {
				ASSETCATALOG_COMPILER_APPICON_NAME = AppIcon;
				ASSETCATALOG_COMPILER_GLOBAL_ACCENT_COLOR_NAME = AccentColor;
				CODE_SIGN_STYLE = Automatic;
				CURRENT_PROJECT_VERSION = 1;
				DEVELOPMENT_ASSET_PATHS = "\"YoutubePlayer/Preview Content\"";
				ENABLE_PREVIEWS = YES;
				GENERATE_INFOPLIST_FILE = YES;
				INFOPLIST_KEY_UIApplicationSceneManifest_Generation = YES;
				INFOPLIST_KEY_UIApplicationSupportsIndirectInputEvents = YES;
				INFOPLIST_KEY_UILaunchScreen_Generation = YES;
				INFOPLIST_KEY_UISupportedInterfaceOrientations_iPad = "UIInterfaceOrientationPortrait UIInterfaceOrientationPortraitUpsideDown UIInterfaceOrientationLandscapeLeft UIInterfaceOrientationLandscapeRight";
				INFOPLIST_KEY_UISupportedInterfaceOrientations_iPhone = "UIInterfaceOrientationPortrait UIInterfaceOrientationLandscapeLeft UIInterfaceOrientationLandscapeRight";
				LD_RUNPATH_SEARCH_PATHS = (
					"$(inherited)",
					"@executable_path/Frameworks",
				);
				MARKETING_VERSION = 1.0;
				PRODUCT_BUNDLE_IDENTIFIER = FromF.com.github.YoutubePlayer;
				PRODUCT_NAME = "$(TARGET_NAME)";
				SWIFT_EMIT_LOC_STRINGS = YES;
				SWIFT_VERSION = 5.0;
				TARGETED_DEVICE_FAMILY = "1,2";
			};
			name = Debug;
		};
		9D578F6A2AA88B4600DC3291 /* Release */ = {
			isa = XCBuildConfiguration;
			buildSettings = {
				ASSETCATALOG_COMPILER_APPICON_NAME = AppIcon;
				ASSETCATALOG_COMPILER_GLOBAL_ACCENT_COLOR_NAME = AccentColor;
				CODE_SIGN_STYLE = Automatic;
				CURRENT_PROJECT_VERSION = 1;
				DEVELOPMENT_ASSET_PATHS = "\"YoutubePlayer/Preview Content\"";
				ENABLE_PREVIEWS = YES;
				GENERATE_INFOPLIST_FILE = YES;
				INFOPLIST_KEY_UIApplicationSceneManifest_Generation = YES;
				INFOPLIST_KEY_UIApplicationSupportsIndirectInputEvents = YES;
				INFOPLIST_KEY_UILaunchScreen_Generation = YES;
				INFOPLIST_KEY_UISupportedInterfaceOrientations_iPad = "UIInterfaceOrientationPortrait UIInterfaceOrientationPortraitUpsideDown UIInterfaceOrientationLandscapeLeft UIInterfaceOrientationLandscapeRight";
				INFOPLIST_KEY_UISupportedInterfaceOrientations_iPhone = "UIInterfaceOrientationPortrait UIInterfaceOrientationLandscapeLeft UIInterfaceOrientationLandscapeRight";
				LD_RUNPATH_SEARCH_PATHS = (
					"$(inherited)",
					"@executable_path/Frameworks",
				);
				MARKETING_VERSION = 1.0;
				PRODUCT_BUNDLE_IDENTIFIER = FromF.com.github.YoutubePlayer;
				PRODUCT_NAME = "$(TARGET_NAME)";
				SWIFT_EMIT_LOC_STRINGS = YES;
				SWIFT_VERSION = 5.0;
				TARGETED_DEVICE_FAMILY = "1,2";
			};
			name = Release;
		};
/* End XCBuildConfiguration section */

/* Begin XCConfigurationList section */
		9D578F552AA88B3E00DC3291 /* Build configuration list for PBXProject "YoutubePlayer" */ = {
			isa = XCConfigurationList;
			buildConfigurations = (
				9D578F662AA88B4600DC3291 /* Debug */,
				9D578F672AA88B4600DC3291 /* Release */,
			);
			defaultConfigurationIsVisible = 0;
			defaultConfigurationName = Release;
		};
		9D578F682AA88B4600DC3291 /* Build configuration list for PBXNativeTarget "YoutubePlayer" */ = {
			isa = XCConfigurationList;
			buildConfigurations = (
				9D578F692AA88B4600DC3291 /* Debug */,
				9D578F6A2AA88B4600DC3291 /* Release */,
			);
			defaultConfigurationIsVisible = 0;
			defaultConfigurationName = Release;
		};
/* End XCConfigurationList section */

/* Begin XCRemoteSwiftPackageReference section */
		9D578F6D2AA88EB200DC3291 /* XCRemoteSwiftPackageReference "YoutubePlayer-in-WKWebView" */ = {
			isa = XCRemoteSwiftPackageReference;
			repositoryURL = "https://github.com/hmhv/YoutubePlayer-in-WKWebView";
			requirement = {
				kind = upToNextMajorVersion;
				minimumVersion = 0.3.8;
			};
		};
/* End XCRemoteSwiftPackageReference section */

/* Begin XCSwiftPackageProductDependency section */
		9D578F6E2AA88EB200DC3291 /* YoutubePlayer-in-WKWebView */ = {
			isa = XCSwiftPackageProductDependency;
			package = 9D578F6D2AA88EB200DC3291 /* XCRemoteSwiftPackageReference "YoutubePlayer-in-WKWebView" */;
			productName = "YoutubePlayer-in-WKWebView";
		};
/* End XCSwiftPackageProductDependency section */
	};
	rootObject = 9D578F522AA88B3E00DC3291 /* Project object */;
}
